
Microsoft Visual Studio Solution File, Format Version 11.00
# Visual Studio 2010
Project("{FAE04EC0-301F-11D3-BF4B-00C04F79EFBC}") = "Assembly-CSharp", "Assembly-CSharp.csproj", "{a2f9d631-fb66-aa7e-8200-0ac148a62fa0}"
EndProject
Project("{FAE04EC0-301F-11D3-BF4B-00C04F79EFBC}") = "Assembly-CSharp-Editor", "Assembly-CSharp-Editor.csproj", "{5e9cb740-7207-51b4-04bc-dab484b5246d}"
EndProject
Global
	GlobalSection(SolutionConfigurationPlatforms) = preSolution
		Debug|Any CPU = Debug|Any CPU
	EndGlobalSection
	GlobalSection(ProjectConfigurationPlatforms) = postSolution
		{a2f9d631-fb66-aa7e-8200-0ac148a62fa0}.Debug|Any CPU.ActiveCfg = Debug|Any CPU
		{a2f9d631-fb66-aa7e-8200-0ac148a62fa0}.Debug|Any CPU.Build.0 = Debug|Any CPU
		{5e9cb740-7207-51b4-04bc-dab484b5246d}.Debug|Any CPU.ActiveCfg = Debug|Any CPU
		{5e9cb740-7207-51b4-04bc-dab484b5246d}.Debug|Any CPU.Build.0 = Debug|Any CPU
	EndGlobalSection
	GlobalSection(SolutionProperties) = preSolution
		HideSolutionNode = FALSE
	EndGlobalSection
EndGlobal
